{
    "_readme": [
        "This file locks the dependencies of your project to a known state",
        "Read more about it at https://getcomposer.org/doc/01-basic-usage.md#installing-dependencies",
        "This file is @generated automatically"
    ],
    "content-hash": "9b880bf410e9846f9a7dd035b3d152c4",
    "packages": [
        {
            "name": "arthurhoaro/favicon",
            "version": "v1.3.3",
            "source": {
                "type": "git",
                "url": "https://github.com/ArthurHoaro/favicon.git",
                "reference": "b1acd8b87d6b37e5251fe0559ed488a95078f5b9"
            },
            "dist": {
                "type": "zip",
                "url": "https://api.github.com/repos/ArthurHoaro/favicon/zipball/b1acd8b87d6b37e5251fe0559ed488a95078f5b9",
                "reference": "b1acd8b87d6b37e5251fe0559ed488a95078f5b9",
                "shasum": ""
            },
            "require": {
                "ext-dom": "*",
                "ext-fileinfo": "*",
                "php": ">=5.6"
            },
            "require-dev": {
                "phpunit/phpunit": "~4.8",
                "squizlabs/php_codesniffer": "^3.5",
                "weew/helpers-filesystem": "~1.0"
            },
            "type": "library",
            "autoload": {
                "psr-4": {
                    "Favicon\\": "src/Favicon/"
                }
            },
            "notification-url": "https://packagist.org/downloads/",
            "license": [
                "Apache-2.0"
            ],
            "authors": [
                {
                    "name": "Chris Shiflett",
                    "homepage": "http://shiflett.org/"
                },
                {
                    "name": "Arthur Hoaro",
                    "homepage": "http://hoa.ro"
                }
            ],
            "description": "PHP Library used to discover favicon from given URL",
            "homepage": "https://github.com/ArthurHoaro/favicon",
            "keywords": [
                "favicon",
                "finder",
                "icon"
            ],
            "support": {
                "issues": "https://github.com/ArthurHoaro/favicon/issues",
                "source": "https://github.com/ArthurHoaro/favicon/tree/v1.3.3",
                "sources": "https://github.com/ArthurHoaro/favicon"
            },
            "time": "2021-08-06T05:41:25+00:00"
        },
        {
            "name": "catfan/medoo",
            "version": "v2.1.7",
            "source": {
                "type": "git",
                "url": "https://github.com/catfan/Medoo.git",
                "reference": "74be58f80d330d1075ef3bfd0fb3d057349597ae"
            },
            "dist": {
                "type": "zip",
                "url": "https://api.github.com/repos/catfan/Medoo/zipball/74be58f80d330d1075ef3bfd0fb3d057349597ae",
                "reference": "74be58f80d330d1075ef3bfd0fb3d057349597ae",
                "shasum": ""
            },
            "require": {
                "ext-pdo": "*",
                "php": ">=7.3"
            },
            "require-dev": {
                "phpunit/phpunit": "^9.0"
            },
            "suggest": {
                "ext-pdo_dblib": "For MSSQL or Sybase database on Linux/UNIX platform",
                "ext-pdo_mysql": "For MySQL or MariaDB database",
                "ext-pdo_oci": "For Oracle database",
                "ext-pdo_pqsql": "For PostgreSQL database",
                "ext-pdo_sqlite": "For SQLite database",
                "ext-pdo_sqlsrv": "For MSSQL database on both Window/Liunx platform"
            },
            "type": "framework",
            "autoload": {
                "psr-4": {
                    "Medoo\\": "src/"
                }
            },
            "notification-url": "https://packagist.org/downloads/",
            "license": [
                "MIT"
            ],
            "authors": [
                {
                    "name": "Angel Lai",
                    "email": "angel@medoo.in"
                }
            ],
            "description": "The lightweight PHP database framework to accelerate development",
            "homepage": "https://medoo.in",
            "keywords": [
                "database",
                "database library",
                "lightweight",
                "mariadb",
                "mssql",
                "mysql",
                "oracle",
                "php framework",
                "postgresql",
                "sql",
                "sqlite"
            ],
            "support": {
                "issues": "https://github.com/catfan/Medoo/issues",
                "source": "https://github.com/catfan/Medoo"
            },
            "funding": [
                {
                    "url": "https://paypal.me/AngelaonLai",
                    "type": "custom"
                },
                {
                    "url": "https://opencollective.com/medoo",
                    "type": "open_collective"
                }
            ],
            "time": "2022-07-02T04:27:50+00:00"
        },
        {
            "name": "chillerlan/php-qrcode",
            "version": "4.3.4",
            "source": {
                "type": "git",
                "url": "https://github.com/chillerlan/php-qrcode.git",
                "reference": "2ca4bf5ae048af1981d1023ee42a0a2a9d51e51d"
            },
            "dist": {
                "type": "zip",
                "url": "https://api.github.com/repos/chillerlan/php-qrcode/zipball/2ca4bf5ae048af1981d1023ee42a0a2a9d51e51d",
                "reference": "2ca4bf5ae048af1981d1023ee42a0a2a9d51e51d",
                "shasum": ""
            },
            "require": {
                "chillerlan/php-settings-container": "^2.1.4",
                "ext-mbstring": "*",
                "php": "^7.4 || ^8.0"
            },
            "require-dev": {
                "phan/phan": "^5.3",
                "phpunit/phpunit": "^9.5",
                "setasign/fpdf": "^1.8.2"
            },
            "suggest": {
                "chillerlan/php-authenticator": "Yet another Google authenticator! Also creates URIs for mobile apps.",
                "setasign/fpdf": "Required to use the QR FPDF output."
            },
            "type": "library",
            "autoload": {
                "psr-4": {
                    "chillerlan\\QRCode\\": "src/"
                }
            },
            "notification-url": "https://packagist.org/downloads/",
            "license": [
                "MIT"
            ],
            "authors": [
                {
                    "name": "Kazuhiko Arase",
                    "homepage": "https://github.com/kazuhikoarase"
                },
                {
                    "name": "Smiley",
                    "email": "smiley@chillerlan.net",
                    "homepage": "https://github.com/codemasher"
                },
                {
                    "name": "Contributors",
                    "homepage": "https://github.com/chillerlan/php-qrcode/graphs/contributors"
                }
            ],
            "description": "A QR code generator. PHP 7.4+",
            "homepage": "https://github.com/chillerlan/php-qrcode",
            "keywords": [
                "phpqrcode",
                "qr",
                "qr code",
                "qrcode",
                "qrcode-generator"
            ],
            "support": {
                "issues": "https://github.com/chillerlan/php-qrcode/issues",
                "source": "https://github.com/chillerlan/php-qrcode/tree/4.3.4"
            },
            "funding": [
                {
                    "url": "https://www.paypal.com/donate?hosted_button_id=WLYUNAT9ZTJZ4",
                    "type": "custom"
                },
                {
                    "url": "https://ko-fi.com/codemasher",
                    "type": "ko_fi"
                }
            ],
            "time": "2022-07-25T09:12:45+00:00"
        },
        {
            "name": "chillerlan/php-settings-container",
            "version": "2.1.4",
            "source": {
                "type": "git",
                "url": "https://github.com/chillerlan/php-settings-container.git",
                "reference": "1beb7df3c14346d4344b0b2e12f6f9a74feabd4a"
            },
            "dist": {
                "type": "zip",
                "url": "https://api.github.com/repos/chillerlan/php-settings-container/zipball/1beb7df3c14346d4344b0b2e12f6f9a74feabd4a",
                "reference": "1beb7df3c14346d4344b0b2e12f6f9a74feabd4a",
                "shasum": ""
            },
            "require": {
                "ext-json": "*",
                "php": "^7.4 || ^8.0"
            },
            "require-dev": {
                "phan/phan": "^5.3",
                "phpunit/phpunit": "^9.5"
            },
            "type": "library",
            "autoload": {
                "psr-4": {
                    "chillerlan\\Settings\\": "src/"
                }
            },
            "notification-url": "https://packagist.org/downloads/",
            "license": [
                "MIT"
            ],
            "authors": [
                {
                    "name": "Smiley",
                    "email": "smiley@chillerlan.net",
                    "homepage": "https://github.com/codemasher"
                }
            ],
            "description": "A container class for immutable settings objects. Not a DI container. PHP 7.4+",
            "homepage": "https://github.com/chillerlan/php-settings-container",
            "keywords": [
                "PHP7",
                "Settings",
                "configuration",
                "container",
                "helper"
            ],
            "support": {
                "issues": "https://github.com/chillerlan/php-settings-container/issues",
                "source": "https://github.com/chillerlan/php-settings-container"
            },
            "funding": [
                {
                    "url": "https://www.paypal.com/donate?hosted_button_id=WLYUNAT9ZTJZ4",
                    "type": "custom"
                },
                {
                    "url": "https://ko-fi.com/codemasher",
                    "type": "ko_fi"
                }
            ],
            "time": "2022-07-05T22:32:14+00:00"
        },
        {
            "name": "jeremykendall/php-domain-parser",
            "version": "6.1.1",
            "source": {
                "type": "git",
                "url": "https://github.com/jeremykendall/php-domain-parser.git",
                "reference": "e195ab7bf0dd0ca231e066790fb0771f1acba5f1"
            },
            "dist": {
                "type": "zip",
                "url": "https://api.github.com/repos/jeremykendall/php-domain-parser/zipball/e195ab7bf0dd0ca231e066790fb0771f1acba5f1",
                "reference": "e195ab7bf0dd0ca231e066790fb0771f1acba5f1",
                "shasum": ""
            },
            "require": {
                "ext-filter": "*",
                "ext-intl": "*",
                "ext-json": "*",
                "php": "^7.4 || ^8.0"
            },
            "require-dev": {
                "friendsofphp/php-cs-fixer": "^v3.5.0",
                "guzzlehttp/guzzle": "^7.0",
                "guzzlehttp/psr7": "^1.6||^2.0",
                "phpstan/phpstan": "^1.4.6.",
                "phpstan/phpstan-phpunit": "^1.0.0",
                "phpstan/phpstan-strict-rules": "^1.1.0",
                "phpunit/phpunit": "^9.5.13",
                "psalm/plugin-phpunit": "^0.15.2",
                "psr/http-factory": "^1.0",
                "psr/simple-cache": "^1.0",
                "symfony/cache": "^v5.0",
                "vimeo/psalm": "^4.20"
            },
            "suggest": {
                "league/uri": "To parse URL and validate host",
                "psr/http-client-implementation": "To use the storage functionnality which depends on PSR-18",
                "psr/http-factory-implementation": "To use the storage functionnality which depends on PSR-17",
                "psr/simple-cache-implementation": "To use the storage functionnality which depends on PSR-16"
            },
            "type": "library",
            "extra": {
                "branch-alias": {
                    "dev-master": "6.x-dev"
                }
            },
            "autoload": {
                "psr-4": {
                    "Pdp\\": "src/"
                }
            },
            "notification-url": "https://packagist.org/downloads/",
            "license": [
                "MIT"
            ],
            "authors": [
                {
                    "name": "Jeremy Kendall",
                    "homepage": "http://about.me/jeremykendall",
                    "role": "Developer"
                },
                {
                    "name": "Ignace Nyamagana Butera",
                    "homepage": "http://nyamsprod.com",
                    "role": "Developer"
                },
                {
                    "name": "Contributors",
                    "homepage": "https://github.com/jeremykendall/php-domain-parser/graphs/contributors"
                }
            ],
            "description": "Public Suffix List and IANA Root Zone Database based Domain parsing implemented in PHP.",
            "homepage": "https://github.com/jeremykendall/php-domain-parser",
            "keywords": [
                "PSL",
                "Public Suffix List",
                "Top Level Domains",
                "domain parsing",
                "iana",
                "icann",
                "idn",
                "tld"
            ],
            "support": {
                "issues": "https://github.com/jeremykendall/php-domain-parser/issues",
                "source": "https://github.com/jeremykendall/php-domain-parser"
            },
            "funding": [
                {
                    "url": "https://github.com/sponsors/nyamsprod",
                    "type": "github"
                }
            ],
            "time": "2022-02-18T22:00:34+00:00"
        },
        {
            "name": "robthree/twofactorauth",
            "version": "1.8.2",
            "source": {
                "type": "git",
                "url": "https://github.com/RobThree/TwoFactorAuth.git",
                "reference": "65681de5a324eae05140ac58b08648a60212afc0"
            },
            "dist": {
                "type": "zip",
                "url": "https://api.github.com/repos/RobThree/TwoFactorAuth/zipball/65681de5a324eae05140ac58b08648a60212afc0",
                "reference": "65681de5a324eae05140ac58b08648a60212afc0",
                "shasum": ""
            },
            "require": {
                "php": ">=5.6.0"
            },
            "require-dev": {
                "php-parallel-lint/php-parallel-lint": "^1.2",
                "phpunit/phpunit": "@stable"
            },
            "suggest": {
                "bacon/bacon-qr-code": "Needed for BaconQrCodeProvider provider",
                "endroid/qr-code": "Needed for EndroidQrCodeProvider"
            },
            "type": "library",
            "autoload": {
                "psr-4": {
                    "RobThree\\Auth\\": "lib"
                }
            },
            "notification-url": "https://packagist.org/downloads/",
            "license": [
                "MIT"
            ],
            "authors": [
                {
                    "name": "Rob Janssen",
                    "homepage": "http://robiii.me",
                    "role": "Developer"
                }
            ],
            "description": "Two Factor Authentication",
            "homepage": "https://github.com/RobThree/TwoFactorAuth",
            "keywords": [
                "Authentication",
                "MFA",
                "Multi Factor Authentication",
                "Two Factor Authentication",
                "authenticator",
                "authy",
                "php",
                "tfa"
            ],
            "support": {
                "issues": "https://github.com/RobThree/TwoFactorAuth/issues",
                "source": "https://github.com/RobThree/TwoFactorAuth"
            },
            "funding": [
                {
                    "url": "https://paypal.me/robiii",
                    "type": "custom"
                },
                {
                    "url": "https://github.com/RobThree",
                    "type": "github"
                }
            ],
            "time": "2022-03-22T16:11:07+00:00"
        }
    ],
    "packages-dev": [],
    "aliases": [],
    "minimum-stability": "stable",
    "stability-flags": [],
    "prefer-stable": false,
    "prefer-lowest": false,
    "platform": [],
    "platform-dev": [],
    "plugin-api-version": "2.3.0"
}
